
Microsoft Visual Studio Solution File, Format Version 12.00
# Visual Studio 15
VisualStudioVersion = 15.0.28307.329
MinimumVisualStudioVersion = 10.0.40219.1
Project("{FAE04EC0-301F-11D3-BF4B-00C04F79EFBC}") = "Examples", "Examples\Examples.csproj", "{B7CE7F96-5A12-4059-A0DD-F679793E23DC}"
EndProject
Global
	GlobalSection(SolutionConfigurationPlatforms) = preSolution
		Debug|Any CPU = Debug|Any CPU
		Release|Any CPU = Release|Any CPU
	EndGlobalSection
	GlobalSection(ProjectConfigurationPlatforms) = postSolution
		{B7CE7F96-5A12-4059-A0DD-F679793E23DC}.Debug|Any CPU.ActiveCfg = Debug|Any CPU
		{B7CE7F96-5A12-4059-A0DD-F679793E23DC}.Debug|Any CPU.Build.0 = Debug|Any CPU
		{B7CE7F96-5A12-4059-A0DD-F679793E23DC}.Release|Any CPU.ActiveCfg = Release|Any CPU
		{B7CE7F96-5A12-4059-A0DD-F679793E23DC}.Release|Any CPU.Build.0 = Release|Any CPU
	EndGlobalSection
	GlobalSection(SolutionProperties) = preSolution
		HideSolutionNode = FALSE
	EndGlobalSection
	GlobalSection(ExtensibilityGlobals) = postSolution
		SolutionGuid = {341DF045-F615-4DCE-890C-4DD49564BAB9}
	EndGlobalSection
EndGlobal
